# This file is automatically @generated by Cargo.
# It is not intended for manual editing.
version = 3

[[package]]
name = "acridotheres_cli"
version = "0.1.0"
dependencies = [
 "acridotheres_core",
]

[[package]]
name = "acridotheres_core"
version = "0.1.0"
source = "git+https://github.com/acridotheres/core.git?branch=main#3b3a88a611a8e42169ab4cf3a4d15a3681884ea5"
